
Microsoft Visual Studio Solution File, Format Version 12.00
# Visual Studio Version 16
VisualStudioVersion = 16.0.30114.105
MinimumVisualStudioVersion = 10.0.40219.1
Project("{FAE04EC0-301F-11D3-BF4B-00C04F79EFBC}") = "MovieCinemas", "MovieCinemas\MovieCinemas.csproj", "{AE6E7E12-F7FB-4FCB-9E77-DD2964723ECA}"
EndProject
Global
	GlobalSection(SolutionConfigurationPlatforms) = preSolution
		Debug|Any CPU = Debug|Any CPU
		Release|Any CPU = Release|Any CPU
	EndGlobalSection
	GlobalSection(ProjectConfigurationPlatforms) = postSolution
		{AE6E7E12-F7FB-4FCB-9E77-DD2964723ECA}.Debug|Any CPU.ActiveCfg = Debug|Any CPU
		{AE6E7E12-F7FB-4FCB-9E77-DD2964723ECA}.Debug|Any CPU.Build.0 = Debug|Any CPU
		{AE6E7E12-F7FB-4FCB-9E77-DD2964723ECA}.Release|Any CPU.ActiveCfg = Release|Any CPU
		{AE6E7E12-F7FB-4FCB-9E77-DD2964723ECA}.Release|Any CPU.Build.0 = Release|Any CPU
	EndGlobalSection
	GlobalSection(SolutionProperties) = preSolution
		HideSolutionNode = FALSE
	EndGlobalSection
	GlobalSection(ExtensibilityGlobals) = postSolution
		SolutionGuid = {DA739B16-04CA-4D10-B0C1-F6CC7EDC6316}
	EndGlobalSection
EndGlobal
